
Microsoft Visual Studio Solution File, Format Version 12.00
# Visual Studio Version 17
VisualStudioVersion = 17.0.31919.166
MinimumVisualStudioVersion = 10.0.40219.1
Project("{FAE04EC0-301F-11D3-BF4B-00C04F79EFBC}") = "Gra_w_kosci_tutorial", "Gra_w_kosci_tutorial\Gra_w_kosci_tutorial.csproj", "{BE28E15B-CB01-4219-BC24-D29699590CC2}"
EndProject
Global
	GlobalSection(SolutionConfigurationPlatforms) = preSolution
		Debug|Any CPU = Debug|Any CPU
		Release|Any CPU = Release|Any CPU
	EndGlobalSection
	GlobalSection(ProjectConfigurationPlatforms) = postSolution
		{BE28E15B-CB01-4219-BC24-D29699590CC2}.Debug|Any CPU.ActiveCfg = Debug|Any CPU
		{BE28E15B-CB01-4219-BC24-D29699590CC2}.Debug|Any CPU.Build.0 = Debug|Any CPU
		{BE28E15B-CB01-4219-BC24-D29699590CC2}.Release|Any CPU.ActiveCfg = Release|Any CPU
		{BE28E15B-CB01-4219-BC24-D29699590CC2}.Release|Any CPU.Build.0 = Release|Any CPU
	EndGlobalSection
	GlobalSection(SolutionProperties) = preSolution
		HideSolutionNode = FALSE
	EndGlobalSection
	GlobalSection(ExtensibilityGlobals) = postSolution
		SolutionGuid = {40F3DB92-0112-4488-8000-FCC3DB86614D}
	EndGlobalSection
EndGlobal
